Microsoft Visual Studio Solution File, Format Version 12.00
# Visual Studio Version 17
VisualStudioVersion = 17.0.31903.59
MinimumVisualStudioVersion = 10.0.40219.1
Project("{FAE04EC0-301F-11D3-BF4B-00C04F79EFBC}") = "DualBox.App", "src\DualBox.App\DualBox.App.csproj", "{89C882E4-F732-487F-9970-0F1D9B9B9354}"
EndProject
Project("{FAE04EC0-301F-11D3-BF4B-00C04F79EFBC}") = "DualBox.ProtocolSelfTest", "src\DualBox.ProtocolSelfTest\DualBox.ProtocolSelfTest.csproj", "{A54165DF-7246-41C4-A933-7AE55AF92FF5}"
EndProject
Project("{8BC9CEB8-8B4A-11D0-8D11-00A0C91BC942}") = "DualBoxVirtualPad", "drivers\DualBoxVirtualPad\DualBoxVirtualPad.vcxproj", "{5F35F8C8-26D0-4B99-9D67-66E29C9C257E}"
EndProject
Global
	GlobalSection(SolutionConfigurationPlatforms) = preSolution
		Debug|x64 = Debug|x64
		Release|x64 = Release|x64
	EndGlobalSection
	GlobalSection(ProjectConfigurationPlatforms) = postSolution
		{89C882E4-F732-487F-9970-0F1D9B9B9354}.Debug|x64.ActiveCfg = Debug|x64
		{89C882E4-F732-487F-9970-0F1D9B9B9354}.Debug|x64.Build.0 = Debug|x64
		{89C882E4-F732-487F-9970-0F1D9B9B9354}.Release|x64.ActiveCfg = Release|x64
		{89C882E4-F732-487F-9970-0F1D9B9B9354}.Release|x64.Build.0 = Release|x64
		{A54165DF-7246-41C4-A933-7AE55AF92FF5}.Debug|x64.ActiveCfg = Debug|x64
		{A54165DF-7246-41C4-A933-7AE55AF92FF5}.Debug|x64.Build.0 = Debug|x64
		{A54165DF-7246-41C4-A933-7AE55AF92FF5}.Release|x64.ActiveCfg = Release|x64
		{A54165DF-7246-41C4-A933-7AE55AF92FF5}.Release|x64.Build.0 = Release|x64
		{5F35F8C8-26D0-4B99-9D67-66E29C9C257E}.Debug|x64.ActiveCfg = Debug|x64
		{5F35F8C8-26D0-4B99-9D67-66E29C9C257E}.Debug|x64.Build.0 = Debug|x64
		{5F35F8C8-26D0-4B99-9D67-66E29C9C257E}.Release|x64.ActiveCfg = Release|x64
		{5F35F8C8-26D0-4B99-9D67-66E29C9C257E}.Release|x64.Build.0 = Release|x64
	EndGlobalSection
	GlobalSection(SolutionProperties) = preSolution
		HideSolutionNode = FALSE
	EndGlobalSection
EndGlobal
